
Microsoft Visual Studio Solution File, Format Version 12.00
Project("{FAE04EC0-301F-11D3-BF4B-00C04F79EFBC}") = "WebApi.Test", "WebApi.Test\WebApi.Test.csproj", "{605BDC45-AB86-417C-8409-928436791C77}"
EndProject
Global
	GlobalSection(SolutionConfigurationPlatforms) = preSolution
		Debug|Any CPU = Debug|Any CPU
		Release|Any CPU = Release|Any CPU
	EndGlobalSection
	GlobalSection(ProjectConfigurationPlatforms) = postSolution
		{605BDC45-AB86-417C-8409-928436791C77}.Debug|Any CPU.ActiveCfg = Debug|Any CPU
		{605BDC45-AB86-417C-8409-928436791C77}.Debug|Any CPU.Build.0 = Debug|Any CPU
		{605BDC45-AB86-417C-8409-928436791C77}.Release|Any CPU.ActiveCfg = Release|Any CPU
		{605BDC45-AB86-417C-8409-928436791C77}.Release|Any CPU.Build.0 = Release|Any CPU
	EndGlobalSection
EndGlobal
